PODS:
  - LookinServer (1.2.8):
    - LookinServer/Core (= 1.2.8)
  - LookinServer/Core (1.2.8)

DEPENDENCIES:
  - LookinServer (from `../../`)

EXTERNAL SOURCES:
  LookinServer:
    :path: "../../"

SPEC CHECKSUMS:
  LookinServer: 8924231d5b16a0afbcf62667f4ec0c94853f7f6f

PODFILE CHECKSUM: c1b5f203c9e81bcbf3888ba95a03c31e2435a4f7

COCOAPODS: 1.16.2
